// !$*UTF8*$!
{
	archiveVersion = 1;
	classes = {
	};
	objectVersion = 51;
	objects = {

/* Begin PBXBuildFile section */
		2A85304A350FBFF39752E2EB /* Pods_MQTTTest.framework in Frameworks */ = {isa = PBXBuildFile; fileRef = ABAE0369C3041ECF222BAFD4 /* Pods_MQTTTest.framework */; };
		630A210A256603CA001F56DF /* StampTimeProcess.m in Sources */ = {isa = PBXBuildFile; fileRef = 630A2109256603CA001F56DF /* StampTimeProcess.m */; };
		630A21142566064D001F56DF /* PublishDataFor4320.m in Sources */ = {isa = PBXBuildFile; fileRef = 630A21132566064D001F56DF /* PublishDataFor4320.m */; };
		630B1D5B25626D8400B4F2C6 /* sensor.proto in Sources */ = {isa = PBXBuildFile; fileRef = 630B1D5A25626D8400B4F2C6 /* sensor.proto */; };
		63978736255E619B0070C1C9 /* ProtoBufSwift.swift in Sources */ = {isa = PBXBuildFile; fileRef = 63978735255E619B0070C1C9 /* ProtoBufSwift.swift */; };
		6397873D255E71CE0070C1C9 /* SayBigVoice.swift in Sources */ = {isa = PBXBuildFile; fileRef = 6397873C255E71CE0070C1C9 /* SayBigVoice.swift */; };
		63ACB48325665B960033EC3F /* DeviceInformation.m in Sources */ = {isa = PBXBuildFile; fileRef = 63ACB48225665B960033EC3F /* DeviceInformation.m */; };
		63B33DDC2563CAA400FBD478 /* Sensor.pbobjc.m in Sources */ = {isa = PBXBuildFile; fileRef = 63B33DDA2563CAA300FBD478 /* Sensor.pbobjc.m */; };
		63C1FF9E2564B6E20061FCEE /* device.proto in Sources */ = {isa = PBXBuildFile; fileRef = 63C1FF9D2564B6E20061FCEE /* device.proto */; };
		63C1FFA22564B75A0061FCEE /* message.proto in Sources */ = {isa = PBXBuildFile; fileRef = 63C1FFA12564B75A0061FCEE /* message.proto */; };
		63C1FFA72564B8BB0061FCEE /* Message.pbobjc.m in Sources */ = {isa = PBXBuildFile; fileRef = 63C1FFA62564B8BB0061FCEE /* Message.pbobjc.m */; };
		63C1FFAB2564B8CD0061FCEE /* Device.pbobjc.m in Sources */ = {isa = PBXBuildFile; fileRef = 63C1FFAA2564B8CD0061FCEE /* Device.pbobjc.m */; };
		63C21D6625650F0700EC3A93 /* StringProcessFunc.m in Sources */ = {isa = PBXBuildFile; fileRef = 63C21D6525650F0700EC3A93 /* StringProcessFunc.m */; };
		63FF2B53255BD14E008A4FBD /* AppDelegate.m in Sources */ = {isa = PBXBuildFile; fileRef = 63FF2B52255BD14E008A4FBD /* AppDelegate.m */; };
		63FF2B56255BD14E008A4FBD /* SceneDelegate.m in Sources */ = {isa = PBXBuildFile; fileRef = 63FF2B55255BD14E008A4FBD /* SceneDelegate.m */; };
		63FF2B59255BD14E008A4FBD /* ViewController.m in Sources */ = {isa = PBXBuildFile; fileRef = 63FF2B58255BD14E008A4FBD /* ViewController.m */; };
		63FF2B5C255BD14E008A4FBD /* Main.storyboard in Resources */ = {isa = PBXBuildFile; fileRef = 63FF2B5A255BD14E008A4FBD /* Main.storyboard */; };
		63FF2B5E255BD151008A4FBD /* Assets.xcassets in Resources */ = {isa = PBXBuildFile; fileRef = 63FF2B5D255BD151008A4FBD /* Assets.xcassets */; };
		63FF2B61255BD151008A4FBD /* LaunchScreen.storyboard in Resources */ = {isa = PBXBuildFile; fileRef = 63FF2B5F255BD151008A4FBD /* LaunchScreen.storyboard */; };
		63FF2B64255BD151008A4FBD /* main.m in Sources */ = {isa = PBXBuildFile; fileRef = 63FF2B63255BD151008A4FBD /* main.m */; };
/* End PBXBuildFile section */

/* Begin PBXFileReference section */
		01AA913E0E8451AFA9AE2330 /* Pods-MQTTTest.debug.xcconfig */ = {isa = PBXFileReference; includeInIndex = 1; lastKnownFileType = text.xcconfig; name = "Pods-MQTTTest.debug.xcconfig"; path = "Target Support Files/Pods-MQTTTest/Pods-MQTTTest.debug.xcconfig"; sourceTree = "<group>"; };
		630A2108256603CA001F56DF /* StampTimeProcess.h */ = {isa = PBXFileReference; lastKnownFileType = sourcecode.c.h; path = StampTimeProcess.h; sourceTree = "<group>"; };
		630A2109256603CA001F56DF /* StampTimeProcess.m */ = {isa = PBXFileReference; lastKnownFileType = sourcecode.c.objc; path = StampTimeProcess.m; sourceTree = "<group>"; };
		630A21122566064D001F56DF /* PublishDataFor4320.h */ = {isa = PBXFileReference; lastKnownFileType = sourcecode.c.h; path = PublishDataFor4320.h; sourceTree = "<group>"; };
		630A21132566064D001F56DF /* PublishDataFor4320.m */ = {isa = PBXFileReference; lastKnownFileType = sourcecode.c.objc; path = PublishDataFor4320.m; sourceTree = "<group>"; };
		630B1D5A25626D8400B4F2C6 /* sensor.proto */ = {isa = PBXFileReference; lastKnownFileType = sourcecode.protobuf; path = sensor.proto; sourceTree = "<group>"; };
		63978734255E619A0070C1C9 /* MQTTTest-Bridging-Header.h */ = {isa = PBXFileReference; lastKnownFileType = sourcecode.c.h; path = "MQTTTest-Bridging-Header.h"; sourceTree = "<group>"; };
		63978735255E619B0070C1C9 /* ProtoBufSwift.swift */ = {isa = PBXFileReference; lastKnownFileType = sourcecode.swift; path = ProtoBufSwift.swift; sourceTree = "<group>"; };
		6397873C255E71CE0070C1C9 /* SayBigVoice.swift */ = {isa = PBXFileReference; lastKnownFileType = sourcecode.swift; path = SayBigVoice.swift; sourceTree = "<group>"; };
		63ACB48125665B960033EC3F /* DeviceInformation.h */ = {isa = PBXFileReference; lastKnownFileType = sourcecode.c.h; path = DeviceInformation.h; sourceTree = "<group>"; };
		63ACB48225665B960033EC3F /* DeviceInformation.m */ = {isa = PBXFileReference; lastKnownFileType = sourcecode.c.objc; path = DeviceInformation.m; sourceTree = "<group>"; };
		63B33DC32563AF2100FBD478 /* libc++.tbd */ = {isa = PBXFileReference; lastKnownFileType = "sourcecode.text-based-dylib-definition"; name = "libc++.tbd"; path = "usr/lib/libc++.tbd"; sourceTree = SDKROOT; };
		63B33DDA2563CAA300FBD478 /* Sensor.pbobjc.m */ = {isa = PBXFileReference; fileEncoding = 4; lastKnownFileType = sourcecode.c.objc; path = Sensor.pbobjc.m; sourceTree = "<group>"; };
		63B33DDB2563CAA300FBD478 /* Sensor.pbobjc.h */ = {isa = PBXFileReference; fileEncoding = 4; lastKnownFileType = sourcecode.c.h; path = Sensor.pbobjc.h; sourceTree = "<group>"; };
		63C1FF9D2564B6E20061FCEE /* device.proto */ = {isa = PBXFileReference; lastKnownFileType = sourcecode.protobuf; path = device.proto; sourceTree = "<group>"; };
		63C1FFA12564B75A0061FCEE /* message.proto */ = {isa = PBXFileReference; lastKnownFileType = sourcecode.protobuf; path = message.proto; sourceTree = "<group>"; };
		63C1FFA52564B8BB0061FCEE /* Message.pbobjc.h */ = {isa = PBXFileReference; fileEncoding = 4; lastKnownFileType = sourcecode.c.h; path = Message.pbobjc.h; sourceTree = "<group>"; };
		63C1FFA62564B8BB0061FCEE /* Message.pbobjc.m */ = {isa = PBXFileReference; fileEncoding = 4; lastKnownFileType = sourcecode.c.objc; path = Message.pbobjc.m; sourceTree = "<group>"; };
		63C1FFA92564B8CD0061FCEE /* Device.pbobjc.h */ = {isa = PBXFileReference; fileEncoding = 4; lastKnownFileType = sourcecode.c.h; path = Device.pbobjc.h; sourceTree = "<group>"; };
		63C1FFAA2564B8CD0061FCEE /* Device.pbobjc.m */ = {isa = PBXFileReference; fileEncoding = 4; lastKnownFileType = sourcecode.c.objc; path = Device.pbobjc.m; sourceTree = "<group>"; };
		63C21D6425650F0700EC3A93 /* StringProcessFunc.h */ = {isa = PBXFileReference; fileEncoding = 4; lastKnownFileType = sourcecode.c.h; path = StringProcessFunc.h; sourceTree = "<group>"; };
		63C21D6525650F0700EC3A93 /* StringProcessFunc.m */ = {isa = PBXFileReference; fileEncoding = 4; lastKnownFileType = sourcecode.c.objc; path = StringProcessFunc.m; sourceTree = "<group>"; };
		63FF2B4E255BD14E008A4FBD /* MQTTTest.app */ = {isa = PBXFileReference; explicitFileType = wrapper.application; includeInIndex = 0; path = MQTTTest.app; sourceTree = BUILT_PRODUCTS_DIR; };
		63FF2B51255BD14E008A4FBD /* AppDelegate.h */ = {isa = PBXFileReference; lastKnownFileType = sourcecode.c.h; path = AppDelegate.h; sourceTree = "<group>"; };
		63FF2B52255BD14E008A4FBD /* AppDelegate.m */ = {isa = PBXFileReference; lastKnownFileType = sourcecode.c.objc; path = AppDelegate.m; sourceTree = "<group>"; };
		63FF2B54255BD14E008A4FBD /* SceneDelegate.h */ = {isa = PBXFileReference; lastKnownFileType = sourcecode.c.h; path = SceneDelegate.h; sourceTree = "<group>"; };
		63FF2B55255BD14E008A4FBD /* SceneDelegate.m */ = {isa = PBXFileReference; lastKnownFileType = sourcecode.c.objc; path = SceneDelegate.m; sourceTree = "<group>"; };
		63FF2B57255BD14E008A4FBD /* ViewController.h */ = {isa = PBXFileReference; lastKnownFileType = sourcecode.c.h; path = ViewController.h; sourceTree = "<group>"; };
		63FF2B58255BD14E008A4FBD /* ViewController.m */ = {isa = PBXFileReference; lastKnownFileType = sourcecode.c.objc; path = ViewController.m; sourceTree = "<group>"; xcLanguageSpecificationIdentifier = xcode.lang.objc; };
		63FF2B5B255BD14E008A4FBD /* Base */ = {isa = PBXFileReference; lastKnownFileType = file.storyboard; name = Base; path = Base.lproj/Main.storyboard; sourceTree = "<group>"; };
		63FF2B5D255BD151008A4FBD /* Assets.xcassets */ = {isa = PBXFileReference; lastKnownFileType = folder.assetcatalog; path = Assets.xcassets; sourceTree = "<group>"; };
		63FF2B60255BD151008A4FBD /* Base */ = {isa = PBXFileReference; lastKnownFileType = file.storyboard; name = Base; path = Base.lproj/LaunchScreen.storyboard; sourceTree = "<group>"; };
		63FF2B62255BD151008A4FBD /* Info.plist */ = {isa = PBXFileReference; lastKnownFileType = text.plist.xml; path = Info.plist; sourceTree = "<group>"; };
		63FF2B63255BD151008A4FBD /* main.m */ = {isa = PBXFileReference; lastKnownFileType = sourcecode.c.objc; path = main.m; sourceTree = "<group>"; };
		91CF517038787D8AA98579CD /* Pods-MQTTTest.release.xcconfig */ = {isa = PBXFileReference; includeInIndex = 1; lastKnownFileType = text.xcconfig; name = "Pods-MQTTTest.release.xcconfig"; path = "Target Support Files/Pods-MQTTTest/Pods-MQTTTest.release.xcconfig"; sourceTree = "<group>"; };
		ABAE0369C3041ECF222BAFD4 /* Pods_MQTTTest.framework */ = {isa = PBXFileReference; explicitFileType = wrapper.framework; includeInIndex = 0; path = Pods_MQTTTest.framework; sourceTree = BUILT_PRODUCTS_DIR; };
/* End PBXFileReference section */

/* Begin PBXFrameworksBuildPhase section */
		63FF2B4B255BD14E008A4FBD /* Frameworks */ = {
			isa = PBXFrameworksBuildPhase;
			buildActionMask = 2147483647;
			files = (
				2A85304A350FBFF39752E2EB /* Pods_MQTTTest.framework in Frameworks */,
			);
			runOnlyForDeploymentPostprocessing = 0;
		};
/* End PBXFrameworksBuildPhase section */

/* Begin PBXGroup section */
		630A20FE2565FF79001F56DF /* proto files */ = {
			isa = PBXGroup;
			children = (
				63C1FFA12564B75A0061FCEE /* message.proto */,
				63C1FFA52564B8BB0061FCEE /* Message.pbobjc.h */,
				63C1FFA62564B8BB0061FCEE /* Message.pbobjc.m */,
				63C1FF9D2564B6E20061FCEE /* device.proto */,
				63C1FFA92564B8CD0061FCEE /* Device.pbobjc.h */,
				63C1FFAA2564B8CD0061FCEE /* Device.pbobjc.m */,
				630B1D5A25626D8400B4F2C6 /* sensor.proto */,
				63B33DDB2563CAA300FBD478 /* Sensor.pbobjc.h */,
				63B33DDA2563CAA300FBD478 /* Sensor.pbobjc.m */,
			);
			path = "proto files";
			sourceTree = "<group>";
		};
		630A21012565FF8D001F56DF /* main groups */ = {
			isa = PBXGroup;
			children = (
			);
			path = "main groups";
			sourceTree = "<group>";
		};
		63FF2B45255BD14E008A4FBD = {
			isa = PBXGroup;
			children = (
				63FF2B50255BD14E008A4FBD /* MQTTTest */,
				63FF2B4F255BD14E008A4FBD /* Products */,
				7B7E1ABCE9E4758009ACCA73 /* Pods */,
				659ED265E076FD8B8FE6B99B /* Frameworks */,
			);
			sourceTree = "<group>";
		};
		63FF2B4F255BD14E008A4FBD /* Products */ = {
			isa = PBXGroup;
			children = (
				63FF2B4E255BD14E008A4FBD /* MQTTTest.app */,
			);
			name = Products;
			sourceTree = "<group>";
		};
		63FF2B50255BD14E008A4FBD /* MQTTTest */ = {
			isa = PBXGroup;
			children = (
				630A21012565FF8D001F56DF /* main groups */,
				630A20FE2565FF79001F56DF /* proto files */,
				63FF2B51255BD14E008A4FBD /* AppDelegate.h */,
				63FF2B52255BD14E008A4FBD /* AppDelegate.m */,
				63FF2B54255BD14E008A4FBD /* SceneDelegate.h */,
				63FF2B55255BD14E008A4FBD /* SceneDelegate.m */,
				63FF2B57255BD14E008A4FBD /* ViewController.h */,
				63FF2B58255BD14E008A4FBD /* ViewController.m */,
				63C21D6425650F0700EC3A93 /* StringProcessFunc.h */,
				63C21D6525650F0700EC3A93 /* StringProcessFunc.m */,
				6397873C255E71CE0070C1C9 /* SayBigVoice.swift */,
				63978735255E619B0070C1C9 /* ProtoBufSwift.swift */,
				63978734255E619A0070C1C9 /* MQTTTest-Bridging-Header.h */,
				63FF2B5A255BD14E008A4FBD /* Main.storyboard */,
				63FF2B5D255BD151008A4FBD /* Assets.xcassets */,
				63FF2B5F255BD151008A4FBD /* LaunchScreen.storyboard */,
				63FF2B62255BD151008A4FBD /* Info.plist */,
				63FF2B63255BD151008A4FBD /* main.m */,
				630A2108256603CA001F56DF /* StampTimeProcess.h */,
				630A2109256603CA001F56DF /* StampTimeProcess.m */,
				630A21122566064D001F56DF /* PublishDataFor4320.h */,
				630A21132566064D001F56DF /* PublishDataFor4320.m */,
				63ACB48125665B960033EC3F /* DeviceInformation.h */,
				63ACB48225665B960033EC3F /* DeviceInformation.m */,
			);
			path = MQTTTest;
			sourceTree = "<group>";
		};
		659ED265E076FD8B8FE6B99B /* Frameworks */ = {
			isa = PBXGroup;
			children = (
				63B33DC32563AF2100FBD478 /* libc++.tbd */,
				ABAE0369C3041ECF222BAFD4 /* Pods_MQTTTest.framework */,
			);
			name = Frameworks;
			sourceTree = "<group>";
		};
		7B7E1ABCE9E4758009ACCA73 /* Pods */ = {
			isa = PBXGroup;
			children = (
				01AA913E0E8451AFA9AE2330 /* Pods-MQTTTest.debug.xcconfig */,
				91CF517038787D8AA98579CD /* Pods-MQTTTest.release.xcconfig */,
			);
			path = Pods;
			sourceTree = "<group>";
		};
/* End PBXGroup section */

/* Begin PBXNativeTarget section */
		63FF2B4D255BD14E008A4FBD /* MQTTTest */ = {
			isa = PBXNativeTarget;
			buildConfigurationList = 63FF2B67255BD151008A4FBD /* Build configuration list for PBXNativeTarget "MQTTTest" */;
			buildPhases = (
				26BA184CB8B34E083175BA41 /* [CP] Check Pods Manifest.lock */,
				63FF2B4A255BD14E008A4FBD /* Sources */,
				63FF2B4B255BD14E008A4FBD /* Frameworks */,
				63FF2B4C255BD14E008A4FBD /* Resources */,
				4879AC79D3FB711D0A067DEA /* [CP] Embed Pods Frameworks */,
			);
			buildRules = (
			);
			dependencies = (
			);
			name = MQTTTest;
			productName = MQTTTest;
			productReference = 63FF2B4E255BD14E008A4FBD /* MQTTTest.app */;
			productType = "com.apple.product-type.application";
		};
/* End PBXNativeTarget section */

/* Begin PBXProject section */
		63FF2B46255BD14E008A4FBD /* Project object */ = {
			isa = PBXProject;
			attributes = {
				LastUpgradeCheck = 1220;
				TargetAttributes = {
					63FF2B4D255BD14E008A4FBD = {
						CreatedOnToolsVersion = 12.1;
						LastSwiftMigration = 1210;
					};
				};
			};
			buildConfigurationList = 63FF2B49255BD14E008A4FBD /* Build configuration list for PBXProject "MQTTTest" */;
			compatibilityVersion = "Xcode 9.3";
			developmentRegion = en;
			hasScannedForEncodings = 0;
			knownRegions = (
				en,
				Base,
			);
			mainGroup = 63FF2B45255BD14E008A4FBD;
			productRefGroup = 63FF2B4F255BD14E008A4FBD /* Products */;
			projectDirPath = "";
			projectRoot = "";
			targets = (
				63FF2B4D255BD14E008A4FBD /* MQTTTest */,
			);
		};
/* End PBXProject section */

/* Begin PBXResourcesBuildPhase section */
		63FF2B4C255BD14E008A4FBD /* Resources */ = {
			isa = PBXResourcesBuildPhase;
			buildActionMask = 2147483647;
			files = (
				63FF2B61255BD151008A4FBD /* LaunchScreen.storyboard in Resources */,
				63FF2B5E255BD151008A4FBD /* Assets.xcassets in Resources */,
				63FF2B5C255BD14E008A4FBD /* Main.storyboard in Resources */,
			);
			runOnlyForDeploymentPostprocessing = 0;
		};
/* End PBXResourcesBuildPhase section */

/* Begin PBXShellScriptBuildPhase section */
		26BA184CB8B34E083175BA41 /* [CP] Check Pods Manifest.lock */ = {
			isa = PBXShellScriptBuildPhase;
			buildActionMask = 2147483647;
			files = (
			);
			inputFileListPaths = (
			);
			inputPaths = (
				"${PODS_PODFILE_DIR_PATH}/Podfile.lock",
				"${PODS_ROOT}/Manifest.lock",
			);
			name = "[CP] Check Pods Manifest.lock";
			outputFileListPaths = (
			);
			outputPaths = (
				"$(DERIVED_FILE_DIR)/Pods-MQTTTest-checkManifestLockResult.txt",
			);
			runOnlyForDeploymentPostprocessing = 0;
			shellPath = /bin/sh;
			shellScript = "diff \"${PODS_PODFILE_DIR_PATH}/Podfile.lock\" \"${PODS_ROOT}/Manifest.lock\" > /dev/null\nif [ $? != 0 ] ; then\n    # print error to STDERR\n    echo \"error: The sandbox is not in sync with the Podfile.lock. Run 'pod install' or update your CocoaPods installation.\" >&2\n    exit 1\nfi\n# This output is used by Xcode 'outputs' to avoid re-running this script phase.\necho \"SUCCESS\" > \"${SCRIPT_OUTPUT_FILE_0}\"\n";
			showEnvVarsInLog = 0;
		};
		4879AC79D3FB711D0A067DEA /* [CP] Embed Pods Frameworks */ = {
			isa = PBXShellScriptBuildPhase;
			buildActionMask = 2147483647;
			files = (
			);
			inputFileListPaths = (
				"${PODS_ROOT}/Target Support Files/Pods-MQTTTest/Pods-MQTTTest-frameworks-${CONFIGURATION}-input-files.xcfilelist",
			);
			name = "[CP] Embed Pods Frameworks";
			outputFileListPaths = (
				"${PODS_ROOT}/Target Support Files/Pods-MQTTTest/Pods-MQTTTest-frameworks-${CONFIGURATION}-output-files.xcfilelist",
			);
			runOnlyForDeploymentPostprocessing = 0;
			shellPath = /bin/sh;
			shellScript = "\"${PODS_ROOT}/Target Support Files/Pods-MQTTTest/Pods-MQTTTest-frameworks.sh\"\n";
			showEnvVarsInLog = 0;
		};
/* End PBXShellScriptBuildPhase section */

/* Begin PBXSourcesBuildPhase section */
		63FF2B4A255BD14E008A4FBD /* Sources */ = {
			isa = PBXSourcesBuildPhase;
			buildActionMask = 2147483647;
			files = (
				630A21142566064D001F56DF /* PublishDataFor4320.m in Sources */,
				630B1D5B25626D8400B4F2C6 /* sensor.proto in Sources */,
				63B33DDC2563CAA400FBD478 /* Sensor.pbobjc.m in Sources */,
				63FF2B59255BD14E008A4FBD /* ViewController.m in Sources */,
				63ACB48325665B960033EC3F /* DeviceInformation.m in Sources */,
				63C21D6625650F0700EC3A93 /* StringProcessFunc.m in Sources */,
				6397873D255E71CE0070C1C9 /* SayBigVoice.swift in Sources */,
				63FF2B53255BD14E008A4FBD /* AppDelegate.m in Sources */,
				63C1FFA72564B8BB0061FCEE /* Message.pbobjc.m in Sources */,
				63C1FFAB2564B8CD0061FCEE /* Device.pbobjc.m in Sources */,
				63FF2B64255BD151008A4FBD /* main.m in Sources */,
				63978736255E619B0070C1C9 /* ProtoBufSwift.swift in Sources */,
				630A210A256603CA001F56DF /* StampTimeProcess.m in Sources */,
				63C1FF9E2564B6E20061FCEE /* device.proto in Sources */,
				63C1FFA22564B75A0061FCEE /* message.proto in Sources */,
				63FF2B56255BD14E008A4FBD /* SceneDelegate.m in Sources */,
			);
			runOnlyForDeploymentPostprocessing = 0;
		};
/* End PBXSourcesBuildPhase section */

/* Begin PBXVariantGroup section */
		63FF2B5A255BD14E008A4FBD /* Main.storyboard */ = {
			isa = PBXVariantGroup;
			children = (
				63FF2B5B255BD14E008A4FBD /* Base */,
			);
			name = Main.storyboard;
			sourceTree = "<group>";
		};
		63FF2B5F255BD151008A4FBD /* LaunchScreen.storyboard */ = {
			isa = PBXVariantGroup;
			children = (
				63FF2B60255BD151008A4FBD /* Base */,
			);
			name = LaunchScreen.storyboard;
			sourceTree = "<group>";
		};
/* End PBXVariantGroup section */

/* Begin XCBuildConfiguration section */
		63FF2B65255BD151008A4FBD /* Debug */ = {
			isa = XCBuildConfiguration;
			buildSettings = {
				ALWAYS_SEARCH_USER_PATHS = NO;
				CLANG_ANALYZER_NONNULL = YES;
				CLANG_ANALYZER_NUMBER_OBJECT_CONVERSION = YES_AGGRESSIVE;
				CLANG_CXX_LANGUAGE_STANDARD = "gnu++14";
				CLANG_CXX_LIBRARY = "libc++";
				CLANG_ENABLE_MODULES = YES;
				CLANG_ENABLE_OBJC_ARC = YES;
				CLANG_ENABLE_OBJC_WEAK = YES;
				CLANG_WARN_BLOCK_CAPTURE_AUTORELEASING = YES;
				CLANG_WARN_BOOL_CONVERSION = YES;
				CLANG_WARN_COMMA = YES;
				CLANG_WARN_CONSTANT_CONVERSION = YES;
				CLANG_WARN_DEPRECATED_OBJC_IMPLEMENTATIONS = YES;
				CLANG_WARN_DIRECT_OBJC_ISA_USAGE = YES_ERROR;
				CLANG_WARN_DOCUMENTATION_COMMENTS = YES;
				CLANG_WARN_EMPTY_BODY = YES;
				CLANG_WARN_ENUM_CONVERSION = YES;
				CLANG_WARN_INFINITE_RECURSION = YES;
				CLANG_WARN_INT_CONVERSION = YES;
				CLANG_WARN_NON_LITERAL_NULL_CONVERSION = YES;
				CLANG_WARN_OBJC_IMPLICIT_RETAIN_SELF = YES;
				CLANG_WARN_OBJC_LITERAL_CONVERSION = YES;
				CLANG_WARN_OBJC_ROOT_CLASS = YES_ERROR;
				CLANG_WARN_QUOTED_INCLUDE_IN_FRAMEWORK_HEADER = YES;
				CLANG_WARN_RANGE_LOOP_ANALYSIS = YES;
				CLANG_WARN_STRICT_PROTOTYPES = YES;
				CLANG_WARN_SUSPICIOUS_MOVE = YES;
				CLANG_WARN_UNGUARDED_AVAILABILITY = YES_AGGRESSIVE;
				CLANG_WARN_UNREACHABLE_CODE = YES;
				CLANG_WARN__DUPLICATE_METHOD_MATCH = YES;
				COPY_PHASE_STRIP = NO;
				DEBUG_INFORMATION_FORMAT = dwarf;
				ENABLE_STRICT_OBJC_MSGSEND = YES;
				ENABLE_TESTABILITY = YES;
				GCC_C_LANGUAGE_STANDARD = gnu11;
				GCC_DYNAMIC_NO_PIC = NO;
				GCC_NO_COMMON_BLOCKS = YES;
				GCC_OPTIMIZATION_LEVEL = 0;
				GCC_PREPROCESSOR_DEFINITIONS = (
					"DEBUG=1",
					"$(inherited)",
				);
				GCC_WARN_64_TO_32_BIT_CONVERSION = YES;
				GCC_WARN_ABOUT_RETURN_TYPE = YES_ERROR;
				GCC_WARN_UNDECLARED_SELECTOR = YES;
				GCC_WARN_UNINITIALIZED_AUTOS = YES_AGGRESSIVE;
				GCC_WARN_UNUSED_FUNCTION = YES;
				GCC_WARN_UNUSED_VARIABLE = YES;
				IPHONEOS_DEPLOYMENT_TARGET = 14.1;
				MTL_ENABLE_DEBUG_INFO = INCLUDE_SOURCE;
				MTL_FAST_MATH = YES;
				ONLY_ACTIVE_ARCH = YES;
				SDKROOT = iphoneos;
			};
			name = Debug;
		};
		63FF2B66255BD151008A4FBD /* Release */ = {
			isa = XCBuildConfiguration;
			buildSettings = {
				ALWAYS_SEARCH_USER_PATHS = NO;
				CLANG_ANALYZER_NONNULL = YES;
				CLANG_ANALYZER_NUMBER_OBJECT_CONVERSION = YES_AGGRESSIVE;
				CLANG_CXX_LANGUAGE_STANDARD = "gnu++14";
				CLANG_CXX_LIBRARY = "libc++";
				CLANG_ENABLE_MODULES = YES;
				CLANG_ENABLE_OBJC_ARC = YES;
				CLANG_ENABLE_OBJC_WEAK = YES;
				CLANG_WARN_BLOCK_CAPTURE_AUTORELEASING = YES;
				CLANG_WARN_BOOL_CONVERSION = YES;
				CLANG_WARN_COMMA = YES;
				CLANG_WARN_CONSTANT_CONVERSION = YES;
				CLANG_WARN_DEPRECATED_OBJC_IMPLEMENTATIONS = YES;
				CLANG_WARN_DIRECT_OBJC_ISA_USAGE = YES_ERROR;
				CLANG_WARN_DOCUMENTATION_COMMENTS = YES;
				CLANG_WARN_EMPTY_BODY = YES;
				CLANG_WARN_ENUM_CONVERSION = YES;
				CLANG_WARN_INFINITE_RECURSION = YES;
				CLANG_WARN_INT_CONVERSION = YES;
				CLANG_WARN_NON_LITERAL_NULL_CONVERSION = YES;
				CLANG_WARN_OBJC_IMPLICIT_RETAIN_SELF = YES;
				CLANG_WARN_OBJC_LITERAL_CONVERSION = YES;
				CLANG_WARN_OBJC_ROOT_CLASS = YES_ERROR;
				CLANG_WARN_QUOTED_INCLUDE_IN_FRAMEWORK_HEADER = YES;
				CLANG_WARN_RANGE_LOOP_ANALYSIS = YES;
				CLANG_WARN_STRICT_PROTOTYPES = YES;
				CLANG_WARN_SUSPICIOUS_MOVE = YES;
				CLANG_WARN_UNGUARDED_AVAILABILITY = YES_AGGRESSIVE;
				CLANG_WARN_UNREACHABLE_CODE = YES;
				CLANG_WARN__DUPLICATE_METHOD_MATCH = YES;
				COPY_PHASE_STRIP = NO;
				DEBUG_INFORMATION_FORMAT = "dwarf-with-dsym";
				ENABLE_NS_ASSERTIONS = NO;
				ENABLE_STRICT_OBJC_MSGSEND = YES;
				GCC_C_LANGUAGE_STANDARD = gnu11;
				GCC_NO_COMMON_BLOCKS = YES;
				GCC_WARN_64_TO_32_BIT_CONVERSION = YES;
				GCC_WARN_ABOUT_RETURN_TYPE = YES_ERROR;
				GCC_WARN_UNDECLARED_SELECTOR = YES;
				GCC_WARN_UNINITIALIZED_AUTOS = YES_AGGRESSIVE;
				GCC_WARN_UNUSED_FUNCTION = YES;
				GCC_WARN_UNUSED_VARIABLE = YES;
				IPHONEOS_DEPLOYMENT_TARGET = 14.1;
				MTL_ENABLE_DEBUG_INFO = NO;
				MTL_FAST_MATH = YES;
				SDKROOT = iphoneos;
				SWIFT_COMPILATION_MODE = wholemodule;
				VALIDATE_PRODUCT = YES;
			};
			name = Release;
		};
		63FF2B68255BD151008A4FBD /* Debug */ = {
			isa = XCBuildConfiguration;
			baseConfigurationReference = 01AA913E0E8451AFA9AE2330 /* Pods-MQTTTest.debug.xcconfig */;
			buildSettings = {
				ASSETCATALOG_COMPILER_APPICON_NAME = AppIcon;
				ASSETCATALOG_COMPILER_GLOBAL_ACCENT_COLOR_NAME = AccentColor;
				CLANG_ENABLE_MODULES = YES;
				CODE_SIGN_STYLE = Automatic;
				DEVELOPMENT_TEAM = W4395MK238;
				INFOPLIST_FILE = MQTTTest/Info.plist;
				IPHONEOS_DEPLOYMENT_TARGET = 14.0;
				LD_RUNPATH_SEARCH_PATHS = (
					"$(inherited)",
					"@executable_path/Frameworks",
				);
				PRODUCT_BUNDLE_IDENTIFIER = com.jake.MQTTTest;
				PRODUCT_NAME = "$(TARGET_NAME)";
				SWIFT_OBJC_BRIDGING_HEADER = "MQTTTest/MQTTTest-Bridging-Header.h";
				SWIFT_OPTIMIZATION_LEVEL = "-Onone";
				SWIFT_VERSION = 5.0;
				TARGETED_DEVICE_FAMILY = "1,2";
				USER_HEADER_SEARCH_PATHS = (
					/provide,
					the,
					path,
					to,
					the,
					"include,",
					where,
					all,
					the,
					.h,
					files,
					"resides/**",
				);
			};
			name = Debug;
		};
		63FF2B69255BD151008A4FBD /* Release */ = {
			isa = XCBuildConfiguration;
			baseConfigurationReference = 91CF517038787D8AA98579CD /* Pods-MQTTTest.release.xcconfig */;
			buildSettings = {
				ASSETCATALOG_COMPILER_APPICON_NAME = AppIcon;
				ASSETCATALOG_COMPILER_GLOBAL_ACCENT_COLOR_NAME = AccentColor;
				CLANG_ENABLE_MODULES = YES;
				CODE_SIGN_STYLE = Automatic;
				DEVELOPMENT_TEAM = W4395MK238;
				INFOPLIST_FILE = MQTTTest/Info.plist;
				IPHONEOS_DEPLOYMENT_TARGET = 14.0;
				LD_RUNPATH_SEARCH_PATHS = (
					"$(inherited)",
					"@executable_path/Frameworks",
				);
				PRODUCT_BUNDLE_IDENTIFIER = com.jake.MQTTTest;
				PRODUCT_NAME = "$(TARGET_NAME)";
				SWIFT_OBJC_BRIDGING_HEADER = "MQTTTest/MQTTTest-Bridging-Header.h";
				SWIFT_VERSION = 5.0;
				TARGETED_DEVICE_FAMILY = "1,2";
				USER_HEADER_SEARCH_PATHS = (
					/provide,
					the,
					path,
					to,
					the,
					"include,",
					where,
					all,
					the,
					.h,
					files,
					"resides/**",
				);
			};
			name = Release;
		};
/* End XCBuildConfiguration section */

/* Begin XCConfigurationList section */
		63FF2B49255BD14E008A4FBD /* Build configuration list for PBXProject "MQTTTest" */ = {
			isa = XCConfigurationList;
			buildConfigurations = (
				63FF2B65255BD151008A4FBD /* Debug */,
				63FF2B66255BD151008A4FBD /* Release */,
			);
			defaultConfigurationIsVisible = 0;
			defaultConfigurationName = Release;
		};
		63FF2B67255BD151008A4FBD /* Build configuration list for PBXNativeTarget "MQTTTest" */ = {
			isa = XCConfigurationList;
			buildConfigurations = (
				63FF2B68255BD151008A4FBD /* Debug */,
				63FF2B69255BD151008A4FBD /* Release */,
			);
			defaultConfigurationIsVisible = 0;
			defaultConfigurationName = Release;
		};
/* End XCConfigurationList section */
	};
	rootObject = 63FF2B46255BD14E008A4FBD /* Project object */;
}
